{
    "_readme": [
        "This file locks the dependencies of your project to a known state",
        "Read more about it at https://getcomposer.org/doc/01-basic-usage.md#installing-dependencies",
        "This file is @generated automatically"
    ],
    "content-hash": "12f841c3ce2a1a0236cd9747c3ed0d57",
    "packages": [
        {
            "name": "amg-dev/amg-sentry-plugin",
            "version": "dev-master",
            "source": {
                "type": "git",
                "url": "https://github.com/getsentry/symfony-amg-sentry-plugin.git",
                "reference": "fa0a526bbd4b763d50bac41f51adbf1cf7a2ed78"
            },
            "dist": {
                "type": "zip",
                "url": "https://api.github.com/repos/getsentry/symfony-amg-sentry-plugin/zipball/fa0a526bbd4b763d50bac41f51adbf1cf7a2ed78",
                "reference": "fa0a526bbd4b763d50bac41f51adbf1cf7a2ed78",
                "shasum": ""
            },
            "require": {
                "composer/installers": "*",
                "raven/raven": ">=0.2.0"
            },
            "type": "symfony1-plugin",
            "notification-url": "https://packagist.org/downloads/",
            "license": [
                "MIT"
            ],
            "authors": [
                {
                    "name": "Nicolas Dubois",
                    "email": "nicolas.c.dubois@gmail.com"
                },
                {
                    "name": "Jean Roussel",
                    "email": "contact@jean-roussel.fr"
                }
            ],
            "description": "Symfony 1.x plugin for Sentry.",
            "homepage": "https://github.com/amg-dev/symfony-amg-sentry-plugin",
            "keywords": [
                "logger",
                "sentry",
                "symfony"
            ],
            "time": "2017-08-10T23:46:54+00:00"
        },
        {
            "name": "composer/installers",
            "version": "v1.6.0",
            "source": {
                "type": "git",
                "url": "https://github.com/composer/installers.git",
                "reference": "cfcca6b1b60bc4974324efb5783c13dca6932b5b"
            },
            "dist": {
                "type": "zip",
                "url": "https://api.github.com/repos/composer/installers/zipball/cfcca6b1b60bc4974324efb5783c13dca6932b5b",
                "reference": "cfcca6b1b60bc4974324efb5783c13dca6932b5b",
                "shasum": ""
            },
            "require": {
                "composer-plugin-api": "^1.0"
            },
            "replace": {
                "roundcube/plugin-installer": "*",
                "shama/baton": "*"
            },
            "require-dev": {
                "composer/composer": "1.0.*@dev",
                "phpunit/phpunit": "^4.8.36"
            },
            "type": "composer-plugin",
            "extra": {
                "class": "Composer\\Installers\\Plugin",
                "branch-alias": {
                    "dev-master": "1.0-dev"
                }
            },
            "autoload": {
                "psr-4": {
                    "Composer\\Installers\\": "src/Composer/Installers"
                }
            },
            "notification-url": "https://packagist.org/downloads/",
            "license": [
                "MIT"
            ],
            "authors": [
                {
                    "name": "Kyle Robinson Young",
                    "email": "kyle@dontkry.com",
                    "homepage": "https://github.com/shama"
                }
            ],
            "description": "A multi-framework Composer library installer",
            "homepage": "https://composer.github.io/installers/",
            "keywords": [
                "Craft",
                "Dolibarr",
                "Eliasis",
                "Hurad",
                "ImageCMS",
                "Kanboard",
                "Lan Management System",
                "MODX Evo",
                "Mautic",
                "Maya",
                "OXID",
                "Plentymarkets",
                "Porto",
                "RadPHP",
                "SMF",
                "Thelia",
                "WolfCMS",
                "agl",
                "aimeos",
                "annotatecms",
                "attogram",
                "bitrix",
                "cakephp",
                "chef",
                "cockpit",
                "codeigniter",
                "concrete5",
                "croogo",
                "dokuwiki",
                "drupal",
                "eZ Platform",
                "elgg",
                "expressionengine",
                "fuelphp",
                "grav",
                "installer",
                "itop",
                "joomla",
                "kohana",
                "laravel",
                "lavalite",
                "lithium",
                "magento",
                "majima",
                "mako",
                "mediawiki",
                "modulework",
                "modx",
                "moodle",
                "osclass",
                "phpbb",
                "piwik",
                "ppi",
                "puppet",
                "pxcms",
                "reindex",
                "roundcube",
                "shopware",
                "silverstripe",
                "sydes",
                "symfony",
                "typo3",
                "wordpress",
                "yawik",
                "zend",
                "zikula"
            ],
            "time": "2018-08-27T06:10:37+00:00"
        },
        {
            "name": "dompdf/dompdf",
            "version": "v0.6.1",
            "source": {
                "type": "git",
                "url": "https://github.com/dompdf/dompdf.git",
                "reference": "cf7d8a0a27270418850cc7d7ea532159e5eeb3eb"
            },
            "dist": {
                "type": "zip",
                "url": "https://api.github.com/repos/dompdf/dompdf/zipball/cf7d8a0a27270418850cc7d7ea532159e5eeb3eb",
                "reference": "cf7d8a0a27270418850cc7d7ea532159e5eeb3eb",
                "shasum": ""
            },
            "require": {
                "phenx/php-font-lib": "0.2.*"
            },
            "type": "library",
            "autoload": {
                "classmap": [
                    "include/"
                ]
            },
            "notification-url": "https://packagist.org/downloads/",
            "license": [
                "LGPL"
            ],
            "authors": [
                {
                    "name": "Fabien Ménager",
                    "email": "fabien.menager@gmail.com"
                },
                {
                    "name": "Brian Sweeney",
                    "email": "eclecticgeek@gmail.com"
                }
            ],
            "description": "DOMPDF is a CSS 2.1 compliant HTML to PDF converter",
            "homepage": "https://github.com/dompdf/dompdf",
            "time": "2014-03-11T01:59:52+00:00"
        },
        {
            "name": "ezyang/htmlpurifier",
            "version": "v4.10.0",
            "source": {
                "type": "git",
                "url": "https://github.com/ezyang/htmlpurifier.git",
                "reference": "d85d39da4576a6934b72480be6978fb10c860021"
            },
            "dist": {
                "type": "zip",
                "url": "https://api.github.com/repos/ezyang/htmlpurifier/zipball/d85d39da4576a6934b72480be6978fb10c860021",
                "reference": "d85d39da4576a6934b72480be6978fb10c860021",
                "shasum": ""
            },
            "require": {
                "php": ">=5.2"
            },
            "require-dev": {
                "simpletest/simpletest": "^1.1"
            },
            "type": "library",
            "autoload": {
                "psr-0": {
                    "HTMLPurifier": "library/"
                },
                "files": [
                    "library/HTMLPurifier.composer.php"
                ]
            },
            "notification-url": "https://packagist.org/downloads/",
            "license": [
                "LGPL"
            ],
            "authors": [
                {
                    "name": "Edward Z. Yang",
                    "email": "admin@htmlpurifier.org",
                    "homepage": "http://ezyang.com"
                }
            ],
            "description": "Standards compliant HTML filter written in PHP",
            "homepage": "http://htmlpurifier.org/",
            "keywords": [
                "html"
            ],
            "time": "2018-02-23T01:58:20+00:00"
        },
        {
            "name": "inlinestyle/inlinestyle",
            "version": "1.2.7",
            "source": {
                "type": "git",
                "url": "https://github.com/christiaan/InlineStyle.git",
                "reference": "66ad09318c9f120cc3246d4f1c728848258154b5"
            },
            "dist": {
                "type": "zip",
                "url": "https://api.github.com/repos/christiaan/InlineStyle/zipball/66ad09318c9f120cc3246d4f1c728848258154b5",
                "reference": "66ad09318c9f120cc3246d4f1c728848258154b5",
                "shasum": ""
            },
            "require": {
                "php": ">=5.3.3",
                "symfony/css-selector": ">=2.1"
            },
            "require-dev": {
                "phpunit/phpunit": "3.7.*"
            },
            "type": "library",
            "autoload": {
                "psr-0": {
                    "InlineStyle": ""
                }
            },
            "notification-url": "https://packagist.org/downloads/",
            "license": [
                "MIT"
            ],
            "authors": [
                {
                    "name": "Christiaan Baartse"
                },
                {
                    "name": "Michael Tibben"
                }
            ],
            "description": "Apply CSS stylesheets directly as inline styles to a HTML document",
            "keywords": [
                "css",
                "email",
                "inline"
            ],
            "time": "2015-12-13T20:30:25+00:00"
        },
        {
            "name": "ircmaxell/password-compat",
            "version": "v1.0.4",
            "source": {
                "type": "git",
                "url": "https://github.com/ircmaxell/password_compat.git",
                "reference": "5c5cde8822a69545767f7c7f3058cb15ff84614c"
            },
            "dist": {
                "type": "zip",
                "url": "https://api.github.com/repos/ircmaxell/password_compat/zipball/5c5cde8822a69545767f7c7f3058cb15ff84614c",
                "reference": "5c5cde8822a69545767f7c7f3058cb15ff84614c",
                "shasum": ""
            },
            "require-dev": {
                "phpunit/phpunit": "4.*"
            },
            "type": "library",
            "autoload": {
                "files": [
                    "lib/password.php"
                ]
            },
            "notification-url": "https://packagist.org/downloads/",
            "license": [
                "MIT"
            ],
            "authors": [
                {
                    "name": "Anthony Ferrara",
                    "email": "ircmaxell@php.net",
                    "homepage": "http://blog.ircmaxell.com"
                }
            ],
            "description": "A compatibility library for the proposed simplified password hashing algorithm: https://wiki.php.net/rfc/password_hash",
            "homepage": "https://github.com/ircmaxell/password_compat",
            "keywords": [
                "hashing",
                "password"
            ],
            "time": "2014-11-20T16:49:30+00:00"
        },
        {
            "name": "lexpress/doctrine1",
            "version": "dev-master",
            "source": {
                "type": "git",
                "url": "https://github.com/LExpress/doctrine1.git",
                "reference": "44abc88ce9882b13ae2844f3868f750409368118"
            },
            "dist": {
                "type": "zip",
                "url": "https://api.github.com/repos/LExpress/doctrine1/zipball/44abc88ce9882b13ae2844f3868f750409368118",
                "reference": "44abc88ce9882b13ae2844f3868f750409368118",
                "shasum": ""
            },
            "require": {
                "ext-pdo": "*",
                "php": ">=5.2.3"
            },
            "type": "library",
            "autoload": {
                "psr-0": {
                    "Doctrine_": "lib/"
                }
            },
            "notification-url": "https://packagist.org/downloads/",
            "license": [
                "LGPL-2.1-or-later"
            ],
            "authors": [
                {
                    "name": "Konsta Vesterinen",
                    "email": "kvesteri@cc.hut.fi"
                },
                {
                    "name": "Jonathan Wage",
                    "email": "jonwage@gmail.com"
                }
            ],
            "description": "PHP5 Database ORM",
            "homepage": "http://www.doctrine-project.org",
            "keywords": [
                "database",
                "orm"
            ],
            "time": "2018-09-14T10:05:06+00:00"
        },
        {
            "name": "lexpress/symfony1",
            "version": "v1.5.11",
            "source": {
                "type": "git",
                "url": "https://github.com/LExpress/symfony1.git",
                "reference": "40d442b3ed23fa32684d6a34962c738226a3b9b4"
            },
            "dist": {
                "type": "zip",
                "url": "https://api.github.com/repos/LExpress/symfony1/zipball/40d442b3ed23fa32684d6a34962c738226a3b9b4",
                "reference": "40d442b3ed23fa32684d6a34962c738226a3b9b4",
                "shasum": ""
            },
            "require": {
                "swiftmailer/swiftmailer": "~5.2"
            },
            "require-dev": {
                "psr/log": "*"
            },
            "suggest": {
                "lexpress/doctrine1": "Doctrine plugin",
                "propel/sf-propel-o-r-m-plugin": "Propel plugin",
                "psr/log": "Psr logger"
            },
            "bin": [
                "data/bin/symfony"
            ],
            "type": "library",
            "extra": {
                "branch-alias": {
                    "dev-master": "1.5-dev"
                }
            },
            "autoload": {
                "files": [
                    "autoload.php"
                ]
            },
            "notification-url": "https://packagist.org/downloads/",
            "license": [
                "MIT"
            ],
            "description": "Fork of symfony 1.4 with dic, form enhancements, latest swiftmailer and better performance",
            "time": "2018-03-17T12:21:51+00:00"
        },
        {
            "name": "lox/xhprof",
            "version": "dev-master",
            "source": {
                "type": "git",
                "url": "https://github.com/lox/xhprof.git",
                "reference": "c64571f892bda1298bad9c5e94ede0bc3f0e4627"
            },
            "dist": {
                "type": "zip",
                "url": "https://api.github.com/repos/lox/xhprof/zipball/c64571f892bda1298bad9c5e94ede0bc3f0e4627",
                "reference": "c64571f892bda1298bad9c5e94ede0bc3f0e4627",
                "shasum": ""
            },
            "require": {
                "php": ">=5.2.0"
            },
            "bin": [
                "bin/xhprofile"
            ],
            "type": "library",
            "autoload": {
                "files": [
                    "xhprof_lib/utils/xhprof_lib.php",
                    "xhprof_lib/utils/xhprof_runs.php"
                ]
            },
            "notification-url": "https://packagist.org/downloads/",
            "license": [
                "Apache-2.0"
            ],
            "description": "XHProf: A Hierarchical Profiler for PHP",
            "homepage": "http://pecl.php.net/package/xhprof",
            "keywords": [
                "performance",
                "profiling"
            ],
            "time": "2015-08-31T22:07:48+00:00"
        },
        {
            "name": "michelf/php-markdown",
            "version": "1.8.0",
            "source": {
                "type": "git",
                "url": "https://github.com/michelf/php-markdown.git",
                "reference": "01ab082b355bf188d907b9929cd99b2923053495"
            },
            "dist": {
                "type": "zip",
                "url": "https://api.github.com/repos/michelf/php-markdown/zipball/01ab082b355bf188d907b9929cd99b2923053495",
                "reference": "01ab082b355bf188d907b9929cd99b2923053495",
                "shasum": ""
            },
            "require": {
                "php": ">=5.3.0"
            },
            "type": "library",
            "autoload": {
                "psr-4": {
                    "Michelf\\": "Michelf/"
                }
            },
            "notification-url": "https://packagist.org/downloads/",
            "license": [
                "BSD-3-Clause"
            ],
            "authors": [
                {
                    "name": "Michel Fortin",
                    "email": "michel.fortin@michelf.ca",
                    "homepage": "https://michelf.ca/",
                    "role": "Developer"
                },
                {
                    "name": "John Gruber",
                    "homepage": "https://daringfireball.net/"
                }
            ],
            "description": "PHP Markdown",
            "homepage": "https://michelf.ca/projects/php-markdown/",
            "keywords": [
                "markdown"
            ],
            "time": "2018-01-15T00:49:33+00:00"
        },
        {
            "name": "paypal/rest-api-sdk-php",
            "version": "1.7.4",
            "source": {
                "type": "git",
                "url": "https://github.com/paypal/PayPal-PHP-SDK.git",
                "reference": "d62e8db407827229c6c7aabfa54792d0113b99e4"
            },
            "dist": {
                "type": "zip",
                "url": "https://api.github.com/repos/paypal/PayPal-PHP-SDK/zipball/d62e8db407827229c6c7aabfa54792d0113b99e4",
                "reference": "d62e8db407827229c6c7aabfa54792d0113b99e4",
                "shasum": ""
            },
            "require": {
                "ext-curl": "*",
                "ext-json": "*",
                "php": ">=5.3.0",
                "psr/log": "1.0.0"
            },
            "require-dev": {
                "phpunit/phpunit": "3.7.*"
            },
            "type": "library",
            "autoload": {
                "psr-0": {
                    "PayPal": "lib/"
                }
            },
            "notification-url": "https://packagist.org/downloads/",
            "license": [
                "Apache2"
            ],
            "authors": [
                {
                    "name": "PayPal",
                    "homepage": "https://github.com/paypal/rest-api-sdk-php/contributors"
                }
            ],
            "description": "PayPal's PHP SDK for REST APIs",
            "homepage": "http://paypal.github.io/PayPal-PHP-SDK/",
            "keywords": [
                "payments",
                "paypal",
                "rest",
                "sdk"
            ],
            "time": "2016-07-15T20:42:18+00:00"
        },
        {
            "name": "phenx/php-font-lib",
            "version": "0.2.2",
            "source": {
                "type": "git",
                "url": "https://github.com/PhenX/php-font-lib.git",
                "reference": "c30c7fc00a6b0d863e9bb4c5d5dd015298b2dc82"
            },
            "dist": {
                "type": "zip",
                "url": "https://api.github.com/repos/PhenX/php-font-lib/zipball/c30c7fc00a6b0d863e9bb4c5d5dd015298b2dc82",
                "reference": "c30c7fc00a6b0d863e9bb4c5d5dd015298b2dc82",
                "shasum": ""
            },
            "type": "library",
            "autoload": {
                "classmap": [
                    "classes/"
                ]
            },
            "notification-url": "https://packagist.org/downloads/",
            "license": [
                "LGPL"
            ],
            "authors": [
                {
                    "name": "Fabien Ménager",
                    "email": "fabien.menager@gmail.com"
                }
            ],
            "description": "A library to read, parse, export and make subsets of different types of font files.",
            "homepage": "https://github.com/PhenX/php-font-lib",
            "time": "2014-02-01T15:22:28+00:00"
        },
        {
            "name": "psr/log",
            "version": "1.0.0",
            "source": {
                "type": "git",
                "url": "https://github.com/php-fig/log.git",
                "reference": "fe0936ee26643249e916849d48e3a51d5f5e278b"
            },
            "dist": {
                "type": "zip",
                "url": "https://api.github.com/repos/php-fig/log/zipball/fe0936ee26643249e916849d48e3a51d5f5e278b",
                "reference": "fe0936ee26643249e916849d48e3a51d5f5e278b",
                "shasum": ""
            },
            "type": "library",
            "autoload": {
                "psr-0": {
                    "Psr\\Log\\": ""
                }
            },
            "notification-url": "https://packagist.org/downloads/",
            "license": [
                "MIT"
            ],
            "authors": [
                {
                    "name": "PHP-FIG",
                    "homepage": "http://www.php-fig.org/"
                }
            ],
            "description": "Common interface for logging libraries",
            "keywords": [
                "log",
                "psr",
                "psr-3"
            ],
            "time": "2012-12-21T11:40:51+00:00"
        },
        {
            "name": "raven/raven",
            "version": "0.15.0",
            "source": {
                "type": "git",
                "url": "https://github.com/getsentry/raven-php.git",
                "reference": "d544c531a34a1b0f69271a11a887b775be12b3d2"
            },
            "dist": {
                "type": "zip",
                "url": "https://api.github.com/repos/getsentry/raven-php/zipball/d544c531a34a1b0f69271a11a887b775be12b3d2",
                "reference": "d544c531a34a1b0f69271a11a887b775be12b3d2",
                "shasum": ""
            },
            "require": {
                "ext-curl": "*",
                "php": ">=5.2.4"
            },
            "require-dev": {
                "fabpot/php-cs-fixer": "^1.8.0",
                "phpunit/phpunit": "^4.6.6"
            },
            "bin": [
                "bin/raven"
            ],
            "type": "library",
            "extra": {
                "branch-alias": {
                    "dev-master": "0.14.x-dev"
                }
            },
            "autoload": {
                "psr-0": {
                    "Raven_": "lib/"
                }
            },
            "notification-url": "https://packagist.org/downloads/",
            "license": [
                "BSD-3-Clause"
            ],
            "authors": [
                {
                    "name": "David Cramer",
                    "email": "dcramer@gmail.com"
                }
            ],
            "description": "A PHP client for Sentry (http://getsentry.com)",
            "homepage": "http://getsentry.com",
            "keywords": [
                "log",
                "logging"
            ],
            "abandoned": "sentry/sentry",
            "time": "2016-04-29T11:50:04+00:00"
        },
        {
            "name": "swiftmailer/swiftmailer",
            "version": "v5.4.3",
            "source": {
                "type": "git",
                "url": "https://github.com/swiftmailer/swiftmailer.git",
                "reference": "4cc92842069c2bbc1f28daaaf1d2576ec4dfe153"
            },
            "dist": {
                "type": "zip",
                "url": "https://api.github.com/repos/swiftmailer/swiftmailer/zipball/4cc92842069c2bbc1f28daaaf1d2576ec4dfe153",
                "reference": "4cc92842069c2bbc1f28daaaf1d2576ec4dfe153",
                "shasum": ""
            },
            "require": {
                "php": ">=5.3.3"
            },
            "require-dev": {
                "mockery/mockery": "~0.9.1"
            },
            "type": "library",
            "extra": {
                "branch-alias": {
                    "dev-master": "5.4-dev"
                }
            },
            "autoload": {
                "files": [
                    "lib/swift_required.php"
                ]
            },
            "notification-url": "https://packagist.org/downloads/",
            "license": [
                "MIT"
            ],
            "authors": [
                {
                    "name": "Chris Corbyn"
                },
                {
                    "name": "Fabien Potencier",
                    "email": "fabien@symfony.com"
                }
            ],
            "description": "Swiftmailer, free feature-rich PHP mailer",
            "homepage": "http://swiftmailer.org",
            "keywords": [
                "email",
                "mail",
                "mailer"
            ],
            "time": "2016-07-08T11:51:25+00:00"
        },
        {
            "name": "symfony/css-selector",
            "version": "v4.2.4",
            "source": {
                "type": "git",
                "url": "https://github.com/symfony/css-selector.git",
                "reference": "48eddf66950fa57996e1be4a55916d65c10c604a"
            },
            "dist": {
                "type": "zip",
                "url": "https://api.github.com/repos/symfony/css-selector/zipball/48eddf66950fa57996e1be4a55916d65c10c604a",
                "reference": "48eddf66950fa57996e1be4a55916d65c10c604a",
                "shasum": ""
            },
            "require": {
                "php": "^7.1.3"
            },
            "type": "library",
            "extra": {
                "branch-alias": {
                    "dev-master": "4.2-dev"
                }
            },
            "autoload": {
                "psr-4": {
                    "Symfony\\Component\\CssSelector\\": ""
                },
                "exclude-from-classmap": [
                    "/Tests/"
                ]
            },
            "notification-url": "https://packagist.org/downloads/",
            "license": [
                "MIT"
            ],
            "authors": [
                {
                    "name": "Jean-François Simon",
                    "email": "jeanfrancois.simon@sensiolabs.com"
                },
                {
                    "name": "Fabien Potencier",
                    "email": "fabien@symfony.com"
                },
                {
                    "name": "Symfony Community",
                    "homepage": "https://symfony.com/contributors"
                }
            ],
            "description": "Symfony CssSelector Component",
            "homepage": "https://symfony.com",
            "time": "2019-01-16T20:31:39+00:00"
        }
    ],
    "packages-dev": [],
    "aliases": [
        {
            "alias": "5.2.1",
            "alias_normalized": "5.2.1.0",
            "version": "5.4.3.0",
            "package": "swiftmailer/swiftmailer"
        }
    ],
    "minimum-stability": "stable",
    "stability-flags": {
        "lexpress/doctrine1": 20,
        "lox/xhprof": 20,
        "amg-dev/amg-sentry-plugin": 20
    },
    "prefer-stable": false,
    "prefer-lowest": false,
    "platform": {
        "php": "7.2.*"
    },
    "platform-dev": []
}
